<?xml version="1.0" encoding="utf-8"?>
<Project ToolsVersion="4.0" xmlns="http://schemas.microsoft.com/developer/msbuild/2003">
  <ItemGroup>
    <Filter Include="Source Files">
      <UniqueIdentifier>{067c192a-8f84-472c-a94a-ac99613cdebd}</UniqueIdentifier>
      <Extensions>cpp;c;cxx;rc;def;r;odl;idl;hpj;bat</Extensions>
    </Filter>
    <Filter Include="Header Files">
      <UniqueIdentifier>{57929275-30c5-49da-8ea5-3182c8525893}</UniqueIdentifier>
      <Extensions>h;hpp;hxx;hm;inl</Extensions>
    </Filter>
    <Filter Include="Resource Files">
      <UniqueIdentifier>{5219dcbc-ef79-4403-b5a6-fde670ede776}</UniqueIdentifier>
      <Extensions>ico;cur;bmp;dlg;rc2;rct;bin;rgs;gif;jpg;jpeg;jpe</Extensions>
    </Filter>
  </ItemGroup>
  <ItemGroup>
    <ClCompile Include="GLLHandler.cpp">
      <Filter>Source Files</Filter>
    </ClCompile>
    <ClCompile Include="NMEAInst.cpp">
      <Filter>Source Files</Filter>
    </ClCompile>
    <ClCompile Include="NMEAInstDlg.cpp">
      <Filter>Source Files</Filter>
    </ClCompile>
    <ClCompile Include="NMEAManager.cpp">
      <Filter>Source Files</Filter>
    </ClCompile>
    <ClCompile Include="NMEASentenceHandler.cpp">
      <Filter>Source Files</Filter>
    </ClCompile>
    <ClCompile Include="PortReader.cpp">
      <Filter>Source Files</Filter>
    </ClCompile>
    <ClCompile Include="RMBHandler.cpp">
      <Filter>Source Files</Filter>
    </ClCompile>
    <ClCompile Include="RMCHandler.cpp">
      <Filter>Source Files</Filter>
    </ClCompile>
    <ClCompile Include="speedo.cpp">
      <Filter>Source Files</Filter>
    </ClCompile>
    <ClCompile Include="StdAfx.cpp">
      <Filter>Source Files</Filter>
    </ClCompile>
    <ClCompile Include="WPLHandler.cpp">
      <Filter>Source Files</Filter>
    </ClCompile>
  </ItemGroup>
  <ItemGroup>
    <Midl Include="NMEAInst.idl">
      <Filter>Source Files</Filter>
    </Midl>
  </ItemGroup>
  <ItemGroup>
    <ResourceCompile Include="NMEAInst.rc">
      <Filter>Source Files</Filter>
    </ResourceCompile>
  </ItemGroup>
  <ItemGroup>
    <ClInclude Include="GLLHandler.h">
      <Filter>Header Files</Filter>
    </ClInclude>
    <ClInclude Include="NMEAInst.h">
      <Filter>Header Files</Filter>
    </ClInclude>
    <ClInclude Include="NMEAInstDlg.h">
      <Filter>Header Files</Filter>
    </ClInclude>
    <ClInclude Include="NMEAManager.h">
      <Filter>Header Files</Filter>
    </ClInclude>
    <ClInclude Include="NMEASentenceHandler.h">
      <Filter>Header Files</Filter>
    </ClInclude>
    <ClInclude Include="PortReader.h">
      <Filter>Header Files</Filter>
    </ClInclude>
    <ClInclude Include="Resource.h">
      <Filter>Header Files</Filter>
    </ClInclude>
    <ClInclude Include="RMBHandler.h">
      <Filter>Header Files</Filter>
    </ClInclude>
    <ClInclude Include="RMCHandler.h">
      <Filter>Header Files</Filter>
    </ClInclude>
    <ClInclude Include="speedo.h">
      <Filter>Header Files</Filter>
    </ClInclude>
    <ClInclude Include="StdAfx.h">
      <Filter>Header Files</Filter>
    </ClInclude>
    <ClInclude Include="WPLHandler.h">
      <Filter>Header Files</Filter>
    </ClInclude>
  </ItemGroup>
  <ItemGroup>
    <Image Include="res\NMEAInst.ico">
      <Filter>Resource Files</Filter>
    </Image>
  </ItemGroup>
  <ItemGroup>
    <Text Include="ReadMe.txt" />
  </ItemGroup>
  <ItemGroup>
    <CustomBuild Include="res\NMEAInst.rc2">
      <Filter>Resource Files</Filter>
    </CustomBuild>
    <CustomBuild Include="NMEAInst.rgs">
      <Filter>Resource Files</Filter>
    </CustomBuild>
  </ItemGroup>
</Project>